
Microsoft Visual Studio Solution File, Format Version 12.00
# Visual Studio Version 17
VisualStudioVersion = 17.7.34018.315
MinimumVisualStudioVersion = 10.0.40219.1
Project("{FAE04EC0-301F-11D3-BF4B-00C04F79EFBC}") = "app_MAUI_gallery", "app_MAUI_gallery.csproj", "{045E679B-BF41-4580-A430-048C25055C26}"
EndProject
Global
	GlobalSection(SolutionConfigurationPlatforms) = preSolution
		Debug|Any CPU = Debug|Any CPU
		Release|Any CPU = Release|Any CPU
	EndGlobalSection
	GlobalSection(ProjectConfigurationPlatforms) = postSolution
		{045E679B-BF41-4580-A430-048C25055C26}.Debug|Any CPU.ActiveCfg = Debug|Any CPU
		{045E679B-BF41-4580-A430-048C25055C26}.Debug|Any CPU.Build.0 = Debug|Any CPU
		{045E679B-BF41-4580-A430-048C25055C26}.Debug|Any CPU.Deploy.0 = Debug|Any CPU
		{045E679B-BF41-4580-A430-048C25055C26}.Release|Any CPU.ActiveCfg = Release|Any CPU
		{045E679B-BF41-4580-A430-048C25055C26}.Release|Any CPU.Build.0 = Release|Any CPU
		{045E679B-BF41-4580-A430-048C25055C26}.Release|Any CPU.Deploy.0 = Release|Any CPU
	EndGlobalSection
	GlobalSection(SolutionProperties) = preSolution
		HideSolutionNode = FALSE
	EndGlobalSection
	GlobalSection(ExtensibilityGlobals) = postSolution
		SolutionGuid = {E2AED3A5-752B-40F5-867E-67CED1FA39B5}
	EndGlobalSection
EndGlobal
